// !$*UTF8*$!
{
	archiveVersion = 1;
	classes = {
	};
	objectVersion = 55;
	objects = {

/* Begin PBXBuildFile section */
		F1B7F19828AE5AB500EAEC63 /* CatProjectApp.swift in Sources */ = {isa = PBXBuildFile; fileRef = F1B7F19728AE5AB500EAEC63 /* CatProjectApp.swift */; };
		F1B7F19A28AE5AB500EAEC63 /* ContentView.swift in Sources */ = {isa = PBXBuildFile; fileRef = F1B7F19928AE5AB500EAEC63 /* ContentView.swift */; };
		F1B7F19C28AE5AB600EAEC63 /* Assets.xcassets in Resources */ = {isa = PBXBuildFile; fileRef = F1B7F19B28AE5AB600EAEC63 /* Assets.xcassets */; };
		F1B7F19F28AE5AB600EAEC63 /* Preview Assets.xcassets in Resources */ = {isa = PBXBuildFile; fileRef = F1B7F19E28AE5AB600EAEC63 /* Preview Assets.xcassets */; };
		F1B7F1A928AE5AB600EAEC63 /* CatProjectTests.swift in Sources */ = {isa = PBXBuildFile; fileRef = F1B7F1A828AE5AB600EAEC63 /* CatProjectTests.swift */; };
		F1B7F1B328AE5AB600EAEC63 /* CatProjectUITests.swift in Sources */ = {isa = PBXBuildFile; fileRef = F1B7F1B228AE5AB600EAEC63 /* CatProjectUITests.swift */; };
		F1B7F1B528AE5AB600EAEC63 /* CatProjectUITestsLaunchTests.swift in Sources */ = {isa = PBXBuildFile; fileRef = F1B7F1B428AE5AB600EAEC63 /* CatProjectUITestsLaunchTests.swift */; };
		F1B7F1C528AE5B6800EAEC63 /* Breed.swift in Sources */ = {isa = PBXBuildFile; fileRef = F1B7F1C428AE5B6800EAEC63 /* Breed.swift */; };
		F1B7F1C728AE6F7600EAEC63 /* BreedImage.swift in Sources */ = {isa = PBXBuildFile; fileRef = F1B7F1C628AE6F7600EAEC63 /* BreedImage.swift */; };
		F1B7F1C928AE6FC000EAEC63 /* BreedFetcher.swift in Sources */ = {isa = PBXBuildFile; fileRef = F1B7F1C828AE6FC000EAEC63 /* BreedFetcher.swift */; };
/* End PBXBuildFile section */

/* Begin PBXContainerItemProxy section */
		F1B7F1A528AE5AB600EAEC63 /* PBXContainerItemProxy */ = {
			isa = PBXContainerItemProxy;
			containerPortal = F1B7F18C28AE5AB500EAEC63 /* Project object */;
			proxyType = 1;
			remoteGlobalIDString = F1B7F19328AE5AB500EAEC63;
			remoteInfo = CatProject;
		};
		F1B7F1AF28AE5AB600EAEC63 /* PBXContainerItemProxy */ = {
			isa = PBXContainerItemProxy;
			containerPortal = F1B7F18C28AE5AB500EAEC63 /* Project object */;
			proxyType = 1;
			remoteGlobalIDString = F1B7F19328AE5AB500EAEC63;
			remoteInfo = CatProject;
		};
/* End PBXContainerItemProxy section */

/* Begin PBXFileReference section */
		F1B7F19428AE5AB500EAEC63 /* CatProject.app */ = {isa = PBXFileReference; explicitFileType = wrapper.application; includeInIndex = 0; path = CatProject.app; sourceTree = BUILT_PRODUCTS_DIR; };
		F1B7F19728AE5AB500EAEC63 /* CatProjectApp.swift */ = {isa = PBXFileReference; lastKnownFileType = sourcecode.swift; path = CatProjectApp.swift; sourceTree = "<group>"; };
		F1B7F19928AE5AB500EAEC63 /* ContentView.swift */ = {isa = PBXFileReference; lastKnownFileType = sourcecode.swift; path = ContentView.swift; sourceTree = "<group>"; };
		F1B7F19B28AE5AB600EAEC63 /* Assets.xcassets */ = {isa = PBXFileReference; lastKnownFileType = folder.assetcatalog; path = Assets.xcassets; sourceTree = "<group>"; };
		F1B7F19E28AE5AB600EAEC63 /* Preview Assets.xcassets */ = {isa = PBXFileReference; lastKnownFileType = folder.assetcatalog; path = "Preview Assets.xcassets"; sourceTree = "<group>"; };
		F1B7F1A428AE5AB600EAEC63 /* CatProjectTests.xctest */ = {isa = PBXFileReference; explicitFileType = wrapper.cfbundle; includeInIndex = 0; path = CatProjectTests.xctest; sourceTree = BUILT_PRODUCTS_DIR; };
		F1B7F1A828AE5AB600EAEC63 /* CatProjectTests.swift */ = {isa = PBXFileReference; lastKnownFileType = sourcecode.swift; path = CatProjectTests.swift; sourceTree = "<group>"; };
		F1B7F1AE28AE5AB600EAEC63 /* CatProjectUITests.xctest */ = {isa = PBXFileReference; explicitFileType = wrapper.cfbundle; includeInIndex = 0; path = CatProjectUITests.xctest; sourceTree = BUILT_PRODUCTS_DIR; };
		F1B7F1B228AE5AB600EAEC63 /* CatProjectUITests.swift */ = {isa = PBXFileReference; lastKnownFileType = sourcecode.swift; path = CatProjectUITests.swift; sourceTree = "<group>"; };
		F1B7F1B428AE5AB600EAEC63 /* CatProjectUITestsLaunchTests.swift */ = {isa = PBXFileReference; lastKnownFileType = sourcecode.swift; path = CatProjectUITestsLaunchTests.swift; sourceTree = "<group>"; };
		F1B7F1C428AE5B6800EAEC63 /* Breed.swift */ = {isa = PBXFileReference; lastKnownFileType = sourcecode.swift; path = Breed.swift; sourceTree = "<group>"; };
		F1B7F1C628AE6F7600EAEC63 /* BreedImage.swift */ = {isa = PBXFileReference; lastKnownFileType = sourcecode.swift; path = BreedImage.swift; sourceTree = "<group>"; };
		F1B7F1C828AE6FC000EAEC63 /* BreedFetcher.swift */ = {isa = PBXFileReference; lastKnownFileType = sourcecode.swift; path = BreedFetcher.swift; sourceTree = "<group>"; };
/* End PBXFileReference section */

/* Begin PBXFrameworksBuildPhase section */
		F1B7F19128AE5AB500EAEC63 /* Frameworks */ = {
			isa = PBXFrameworksBuildPhase;
			buildActionMask = 2147483647;
			files = (
			);
			runOnlyForDeploymentPostprocessing = 0;
		};
		F1B7F1A128AE5AB600EAEC63 /* Frameworks */ = {
			isa = PBXFrameworksBuildPhase;
			buildActionMask = 2147483647;
			files = (
			);
			runOnlyForDeploymentPostprocessing = 0;
		};
		F1B7F1AB28AE5AB600EAEC63 /* Frameworks */ = {
			isa = PBXFrameworksBuildPhase;
			buildActionMask = 2147483647;
			files = (
			);
			runOnlyForDeploymentPostprocessing = 0;
		};
/* End PBXFrameworksBuildPhase section */

/* Begin PBXGroup section */
		F1B7F18B28AE5AB500EAEC63 = {
			isa = PBXGroup;
			children = (
				F1B7F19628AE5AB500EAEC63 /* CatProject */,
				F1B7F1A728AE5AB600EAEC63 /* CatProjectTests */,
				F1B7F1B128AE5AB600EAEC63 /* CatProjectUITests */,
				F1B7F19528AE5AB500EAEC63 /* Products */,
			);
			sourceTree = "<group>";
		};
		F1B7F19528AE5AB500EAEC63 /* Products */ = {
			isa = PBXGroup;
			children = (
				F1B7F19428AE5AB500EAEC63 /* CatProject.app */,
				F1B7F1A428AE5AB600EAEC63 /* CatProjectTests.xctest */,
				F1B7F1AE28AE5AB600EAEC63 /* CatProjectUITests.xctest */,
			);
			name = Products;
			sourceTree = "<group>";
		};
		F1B7F19628AE5AB500EAEC63 /* CatProject */ = {
			isa = PBXGroup;
			children = (
				F1B7F1C328AE5B4900EAEC63 /* networking */,
				F1B7F1C228AE5B4300EAEC63 /* view */,
				F1B7F1C128AE5B3C00EAEC63 /* model */,
				F1B7F19728AE5AB500EAEC63 /* CatProjectApp.swift */,
				F1B7F19928AE5AB500EAEC63 /* ContentView.swift */,
				F1B7F19B28AE5AB600EAEC63 /* Assets.xcassets */,
				F1B7F19D28AE5AB600EAEC63 /* Preview Content */,
			);
			path = CatProject;
			sourceTree = "<group>";
		};
		F1B7F19D28AE5AB600EAEC63 /* Preview Content */ = {
			isa = PBXGroup;
			children = (
				F1B7F19E28AE5AB600EAEC63 /* Preview Assets.xcassets */,
			);
			path = "Preview Content";
			sourceTree = "<group>";
		};
		F1B7F1A728AE5AB600EAEC63 /* CatProjectTests */ = {
			isa = PBXGroup;
			children = (
				F1B7F1A828AE5AB600EAEC63 /* CatProjectTests.swift */,
			);
			path = CatProjectTests;
			sourceTree = "<group>";
		};
		F1B7F1B128AE5AB600EAEC63 /* CatProjectUITests */ = {
			isa = PBXGroup;
			children = (
				F1B7F1B228AE5AB600EAEC63 /* CatProjectUITests.swift */,
				F1B7F1B428AE5AB600EAEC63 /* CatProjectUITestsLaunchTests.swift */,
			);
			path = CatProjectUITests;
			sourceTree = "<group>";
		};
		F1B7F1C128AE5B3C00EAEC63 /* model */ = {
			isa = PBXGroup;
			children = (
				F1B7F1C428AE5B6800EAEC63 /* Breed.swift */,
				F1B7F1C628AE6F7600EAEC63 /* BreedImage.swift */,
			);
			path = model;
			sourceTree = "<group>";
		};
		F1B7F1C228AE5B4300EAEC63 /* view */ = {
			isa = PBXGroup;
			children = (
			);
			path = view;
			sourceTree = "<group>";
		};
		F1B7F1C328AE5B4900EAEC63 /* networking */ = {
			isa = PBXGroup;
			children = (
				F1B7F1C828AE6FC000EAEC63 /* BreedFetcher.swift */,
			);
			path = networking;
			sourceTree = "<group>";
		};
/* End PBXGroup section */

/* Begin PBXNativeTarget section */
		F1B7F19328AE5AB500EAEC63 /* CatProject */ = {
			isa = PBXNativeTarget;
			buildConfigurationList = F1B7F1B828AE5AB600EAEC63 /* Build configuration list for PBXNativeTarget "CatProject" */;
			buildPhases = (
				F1B7F19028AE5AB500EAEC63 /* Sources */,
				F1B7F19128AE5AB500EAEC63 /* Frameworks */,
				F1B7F19228AE5AB500EAEC63 /* Resources */,
			);
			buildRules = (
			);
			dependencies = (
			);
			name = CatProject;
			productName = CatProject;
			productReference = F1B7F19428AE5AB500EAEC63 /* CatProject.app */;
			productType = "com.apple.product-type.application";
		};
		F1B7F1A328AE5AB600EAEC63 /* CatProjectTests */ = {
			isa = PBXNativeTarget;
			buildConfigurationList = F1B7F1BB28AE5AB600EAEC63 /* Build configuration list for PBXNativeTarget "CatProjectTests" */;
			buildPhases = (
				F1B7F1A028AE5AB600EAEC63 /* Sources */,
				F1B7F1A128AE5AB600EAEC63 /* Frameworks */,
				F1B7F1A228AE5AB600EAEC63 /* Resources */,
			);
			buildRules = (
			);
			dependencies = (
				F1B7F1A628AE5AB600EAEC63 /* PBXTargetDependency */,
			);
			name = CatProjectTests;
			productName = CatProjectTests;
			productReference = F1B7F1A428AE5AB600EAEC63 /* CatProjectTests.xctest */;
			productType = "com.apple.product-type.bundle.unit-test";
		};
		F1B7F1AD28AE5AB600EAEC63 /* CatProjectUITests */ = {
			isa = PBXNativeTarget;
			buildConfigurationList = F1B7F1BE28AE5AB600EAEC63 /* Build configuration list for PBXNativeTarget "CatProjectUITests" */;
			buildPhases = (
				F1B7F1AA28AE5AB600EAEC63 /* Sources */,
				F1B7F1AB28AE5AB600EAEC63 /* Frameworks */,
				F1B7F1AC28AE5AB600EAEC63 /* Resources */,
			);
			buildRules = (
			);
			dependencies = (
				F1B7F1B028AE5AB600EAEC63 /* PBXTargetDependency */,
			);
			name = CatProjectUITests;
			productName = CatProjectUITests;
			productReference = F1B7F1AE28AE5AB600EAEC63 /* CatProjectUITests.xctest */;
			productType = "com.apple.product-type.bundle.ui-testing";
		};
/* End PBXNativeTarget section */

/* Begin PBXProject section */
		F1B7F18C28AE5AB500EAEC63 /* Project object */ = {
			isa = PBXProject;
			attributes = {
				BuildIndependentTargetsInParallel = 1;
				LastSwiftUpdateCheck = 1330;
				LastUpgradeCheck = 1330;
				TargetAttributes = {
					F1B7F19328AE5AB500EAEC63 = {
						CreatedOnToolsVersion = 13.3;
					};
					F1B7F1A328AE5AB600EAEC63 = {
						CreatedOnToolsVersion = 13.3;
						TestTargetID = F1B7F19328AE5AB500EAEC63;
					};
					F1B7F1AD28AE5AB600EAEC63 = {
						CreatedOnToolsVersion = 13.3;
						TestTargetID = F1B7F19328AE5AB500EAEC63;
					};
				};
			};
			buildConfigurationList = F1B7F18F28AE5AB500EAEC63 /* Build configuration list for PBXProject "CatProject" */;
			compatibilityVersion = "Xcode 13.0";
			developmentRegion = en;
			hasScannedForEncodings = 0;
			knownRegions = (
				en,
				Base,
			);
			mainGroup = F1B7F18B28AE5AB500EAEC63;
			productRefGroup = F1B7F19528AE5AB500EAEC63 /* Products */;
			projectDirPath = "";
			projectRoot = "";
			targets = (
				F1B7F19328AE5AB500EAEC63 /* CatProject */,
				F1B7F1A328AE5AB600EAEC63 /* CatProjectTests */,
				F1B7F1AD28AE5AB600EAEC63 /* CatProjectUITests */,
			);
		};
/* End PBXProject section */

/* Begin PBXResourcesBuildPhase section */
		F1B7F19228AE5AB500EAEC63 /* Resources */ = {
			isa = PBXResourcesBuildPhase;
			buildActionMask = 2147483647;
			files = (
				F1B7F19F28AE5AB600EAEC63 /* Preview Assets.xcassets in Resources */,
				F1B7F19C28AE5AB600EAEC63 /* Assets.xcassets in Resources */,
			);
			runOnlyForDeploymentPostprocessing = 0;
		};
		F1B7F1A228AE5AB600EAEC63 /* Resources */ = {
			isa = PBXResourcesBuildPhase;
			buildActionMask = 2147483647;
			files = (
			);
			runOnlyForDeploymentPostprocessing = 0;
		};
		F1B7F1AC28AE5AB600EAEC63 /* Resources */ = {
			isa = PBXResourcesBuildPhase;
			buildActionMask = 2147483647;
			files = (
			);
			runOnlyForDeploymentPostprocessing = 0;
		};
/* End PBXResourcesBuildPhase section */

/* Begin PBXSourcesBuildPhase section */
		F1B7F19028AE5AB500EAEC63 /* Sources */ = {
			isa = PBXSourcesBuildPhase;
			buildActionMask = 2147483647;
			files = (
				F1B7F1C728AE6F7600EAEC63 /* BreedImage.swift in Sources */,
				F1B7F1C528AE5B6800EAEC63 /* Breed.swift in Sources */,
				F1B7F19A28AE5AB500EAEC63 /* ContentView.swift in Sources */,
				F1B7F1C928AE6FC000EAEC63 /* BreedFetcher.swift in Sources */,
				F1B7F19828AE5AB500EAEC63 /* CatProjectApp.swift in Sources */,
			);
			runOnlyForDeploymentPostprocessing = 0;
		};
		F1B7F1A028AE5AB600EAEC63 /* Sources */ = {
			isa = PBXSourcesBuildPhase;
			buildActionMask = 2147483647;
			files = (
				F1B7F1A928AE5AB600EAEC63 /* CatProjectTests.swift in Sources */,
			);
			runOnlyForDeploymentPostprocessing = 0;
		};
		F1B7F1AA28AE5AB600EAEC63 /* Sources */ = {
			isa = PBXSourcesBuildPhase;
			buildActionMask = 2147483647;
			files = (
				F1B7F1B328AE5AB600EAEC63 /* CatProjectUITests.swift in Sources */,
				F1B7F1B528AE5AB600EAEC63 /* CatProjectUITestsLaunchTests.swift in Sources */,
			);
			runOnlyForDeploymentPostprocessing = 0;
		};
/* End PBXSourcesBuildPhase section */

/* Begin PBXTargetDependency section */
		F1B7F1A628AE5AB600EAEC63 /* PBXTargetDependency */ = {
			isa = PBXTargetDependency;
			target = F1B7F19328AE5AB500EAEC63 /* CatProject */;
			targetProxy = F1B7F1A528AE5AB600EAEC63 /* PBXContainerItemProxy */;
		};
		F1B7F1B028AE5AB600EAEC63 /* PBXTargetDependency */ = {
			isa = PBXTargetDependency;
			target = F1B7F19328AE5AB500EAEC63 /* CatProject */;
			targetProxy = F1B7F1AF28AE5AB600EAEC63 /* PBXContainerItemProxy */;
		};
/* End PBXTargetDependency section */

/* Begin XCBuildConfiguration section */
		F1B7F1B628AE5AB600EAEC63 /* Debug */ = {
			isa = XCBuildConfiguration;
			buildSettings = {
				ALWAYS_SEARCH_USER_PATHS = NO;
				CLANG_ANALYZER_NONNULL = YES;
				CLANG_ANALYZER_NUMBER_OBJECT_CONVERSION = YES_AGGRESSIVE;
				CLANG_CXX_LANGUAGE_STANDARD = "gnu++17";
				CLANG_ENABLE_MODULES = YES;
				CLANG_ENABLE_OBJC_ARC = YES;
				CLANG_ENABLE_OBJC_WEAK = YES;
				CLANG_WARN_BLOCK_CAPTURE_AUTORELEASING = YES;
				CLANG_WARN_BOOL_CONVERSION = YES;
				CLANG_WARN_COMMA = YES;
				CLANG_WARN_CONSTANT_CONVERSION = YES;
				CLANG_WARN_DEPRECATED_OBJC_IMPLEMENTATIONS = YES;
				CLANG_WARN_DIRECT_OBJC_ISA_USAGE = YES_ERROR;
				CLANG_WARN_DOCUMENTATION_COMMENTS = YES;
				CLANG_WARN_EMPTY_BODY = YES;
				CLANG_WARN_ENUM_CONVERSION = YES;
				CLANG_WARN_INFINITE_RECURSION = YES;
				CLANG_WARN_INT_CONVERSION = YES;
				CLANG_WARN_NON_LITERAL_NULL_CONVERSION = YES;
				CLANG_WARN_OBJC_IMPLICIT_RETAIN_SELF = YES;
				CLANG_WARN_OBJC_LITERAL_CONVERSION = YES;
				CLANG_WARN_OBJC_ROOT_CLASS = YES_ERROR;
				CLANG_WARN_QUOTED_INCLUDE_IN_FRAMEWORK_HEADER = YES;
				CLANG_WARN_RANGE_LOOP_ANALYSIS = YES;
				CLANG_WARN_STRICT_PROTOTYPES = YES;
				CLANG_WARN_SUSPICIOUS_MOVE = YES;
				CLANG_WARN_UNGUARDED_AVAILABILITY = YES_AGGRESSIVE;
				CLANG_WARN_UNREACHABLE_CODE = YES;
				CLANG_WARN__DUPLICATE_METHOD_MATCH = YES;
				COPY_PHASE_STRIP = NO;
				DEBUG_INFORMATION_FORMAT = dwarf;
				ENABLE_STRICT_OBJC_MSGSEND = YES;
				ENABLE_TESTABILITY = YES;
				GCC_C_LANGUAGE_STANDARD = gnu11;
				GCC_DYNAMIC_NO_PIC = NO;
				GCC_NO_COMMON_BLOCKS = YES;
				GCC_OPTIMIZATION_LEVEL = 0;
				GCC_PREPROCESSOR_DEFINITIONS = (
					"DEBUG=1",
					"$(inherited)",
				);
				GCC_WARN_64_TO_32_BIT_CONVERSION = YES;
				GCC_WARN_ABOUT_RETURN_TYPE = YES_ERROR;
				GCC_WARN_UNDECLARED_SELECTOR = YES;
				GCC_WARN_UNINITIALIZED_AUTOS = YES_AGGRESSIVE;
				GCC_WARN_UNUSED_FUNCTION = YES;
				GCC_WARN_UNUSED_VARIABLE = YES;
				IPHONEOS_DEPLOYMENT_TARGET = 15.4;
				MTL_ENABLE_DEBUG_INFO = INCLUDE_SOURCE;
				MTL_FAST_MATH = YES;
				ONLY_ACTIVE_ARCH = YES;
				SDKROOT = iphoneos;
				SWIFT_ACTIVE_COMPILATION_CONDITIONS = DEBUG;
				SWIFT_OPTIMIZATION_LEVEL = "-Onone";
			};
			name = Debug;
		};
		F1B7F1B728AE5AB600EAEC63 /* Release */ = {
			isa = XCBuildConfiguration;
			buildSettings = {
				ALWAYS_SEARCH_USER_PATHS = NO;
				CLANG_ANALYZER_NONNULL = YES;
				CLANG_ANALYZER_NUMBER_OBJECT_CONVERSION = YES_AGGRESSIVE;
				CLANG_CXX_LANGUAGE_STANDARD = "gnu++17";
				CLANG_ENABLE_MODULES = YES;
				CLANG_ENABLE_OBJC_ARC = YES;
				CLANG_ENABLE_OBJC_WEAK = YES;
				CLANG_WARN_BLOCK_CAPTURE_AUTORELEASING = YES;
				CLANG_WARN_BOOL_CONVERSION = YES;
				CLANG_WARN_COMMA = YES;
				CLANG_WARN_CONSTANT_CONVERSION = YES;
				CLANG_WARN_DEPRECATED_OBJC_IMPLEMENTATIONS = YES;
				CLANG_WARN_DIRECT_OBJC_ISA_USAGE = YES_ERROR;
				CLANG_WARN_DOCUMENTATION_COMMENTS = YES;
				CLANG_WARN_EMPTY_BODY = YES;
				CLANG_WARN_ENUM_CONVERSION = YES;
				CLANG_WARN_INFINITE_RECURSION = YES;
				CLANG_WARN_INT_CONVERSION = YES;
				CLANG_WARN_NON_LITERAL_NULL_CONVERSION = YES;
				CLANG_WARN_OBJC_IMPLICIT_RETAIN_SELF = YES;
				CLANG_WARN_OBJC_LITERAL_CONVERSION = YES;
				CLANG_WARN_OBJC_ROOT_CLASS = YES_ERROR;
				CLANG_WARN_QUOTED_INCLUDE_IN_FRAMEWORK_HEADER = YES;
				CLANG_WARN_RANGE_LOOP_ANALYSIS = YES;
				CLANG_WARN_STRICT_PROTOTYPES = YES;
				CLANG_WARN_SUSPICIOUS_MOVE = YES;
				CLANG_WARN_UNGUARDED_AVAILABILITY = YES_AGGRESSIVE;
				CLANG_WARN_UNREACHABLE_CODE = YES;
				CLANG_WARN__DUPLICATE_METHOD_MATCH = YES;
				COPY_PHASE_STRIP = NO;
				DEBUG_INFORMATION_FORMAT = "dwarf-with-dsym";
				ENABLE_NS_ASSERTIONS = NO;
				ENABLE_STRICT_OBJC_MSGSEND = YES;
				GCC_C_LANGUAGE_STANDARD = gnu11;
				GCC_NO_COMMON_BLOCKS = YES;
				GCC_WARN_64_TO_32_BIT_CONVERSION = YES;
				GCC_WARN_ABOUT_RETURN_TYPE = YES_ERROR;
				GCC_WARN_UNDECLARED_SELECTOR = YES;
				GCC_WARN_UNINITIALIZED_AUTOS = YES_AGGRESSIVE;
				GCC_WARN_UNUSED_FUNCTION = YES;
				GCC_WARN_UNUSED_VARIABLE = YES;
				IPHONEOS_DEPLOYMENT_TARGET = 15.4;
				MTL_ENABLE_DEBUG_INFO = NO;
				MTL_FAST_MATH = YES;
				SDKROOT = iphoneos;
				SWIFT_COMPILATION_MODE = wholemodule;
				SWIFT_OPTIMIZATION_LEVEL = "-O";
				VALIDATE_PRODUCT = YES;
			};
			name = Release;
		};
		F1B7F1B928AE5AB600EAEC63 /* Debug */ = {
			isa = XCBuildConfiguration;
			buildSettings = {
				ASSETCATALOG_COMPILER_APPICON_NAME = AppIcon;
				ASSETCATALOG_COMPILER_GLOBAL_ACCENT_COLOR_NAME = AccentColor;
				CODE_SIGN_STYLE = Automatic;
				CURRENT_PROJECT_VERSION = 1;
				DEVELOPMENT_ASSET_PATHS = "\"CatProject/Preview Content\"";
				DEVELOPMENT_TEAM = 286KVJJ644;
				ENABLE_PREVIEWS = YES;
				GENERATE_INFOPLIST_FILE = YES;
				INFOPLIST_KEY_UIApplicationSceneManifest_Generation = YES;
				INFOPLIST_KEY_UIApplicationSupportsIndirectInputEvents = YES;
				INFOPLIST_KEY_UILaunchScreen_Generation = YES;
				INFOPLIST_KEY_UISupportedInterfaceOrientations_iPad = "UIInterfaceOrientationPortrait UIInterfaceOrientationPortraitUpsideDown UIInterfaceOrientationLandscapeLeft UIInterfaceOrientationLandscapeRight";
				INFOPLIST_KEY_UISupportedInterfaceOrientations_iPhone = "UIInterfaceOrientationPortrait UIInterfaceOrientationLandscapeLeft UIInterfaceOrientationLandscapeRight";
				LD_RUNPATH_SEARCH_PATHS = (
					"$(inherited)",
					"@executable_path/Frameworks",
				);
				MARKETING_VERSION = 1.0;
				PRODUCT_BUNDLE_IDENTIFIER = jordan.na.dzielni.CatProject;
				PRODUCT_NAME = "$(TARGET_NAME)";
				SWIFT_EMIT_LOC_STRINGS = YES;
				SWIFT_VERSION = 5.0;
				TARGETED_DEVICE_FAMILY = "1,2";
			};
			name = Debug;
		};
		F1B7F1BA28AE5AB600EAEC63 /* Release */ = {
			isa = XCBuildConfiguration;
			buildSettings = {
				ASSETCATALOG_COMPILER_APPICON_NAME = AppIcon;
				ASSETCATALOG_COMPILER_GLOBAL_ACCENT_COLOR_NAME = AccentColor;
				CODE_SIGN_STYLE = Automatic;
				CURRENT_PROJECT_VERSION = 1;
				DEVELOPMENT_ASSET_PATHS = "\"CatProject/Preview Content\"";
				DEVELOPMENT_TEAM = 286KVJJ644;
				ENABLE_PREVIEWS = YES;
				GENERATE_INFOPLIST_FILE = YES;
				INFOPLIST_KEY_UIApplicationSceneManifest_Generation = YES;
				INFOPLIST_KEY_UIApplicationSupportsIndirectInputEvents = YES;
				INFOPLIST_KEY_UILaunchScreen_Generation = YES;
				INFOPLIST_KEY_UISupportedInterfaceOrientations_iPad = "UIInterfaceOrientationPortrait UIInterfaceOrientationPortraitUpsideDown UIInterfaceOrientationLandscapeLeft UIInterfaceOrientationLandscapeRight";
				INFOPLIST_KEY_UISupportedInterfaceOrientations_iPhone = "UIInterfaceOrientationPortrait UIInterfaceOrientationLandscapeLeft UIInterfaceOrientationLandscapeRight";
				LD_RUNPATH_SEARCH_PATHS = (
					"$(inherited)",
					"@executable_path/Frameworks",
				);
				MARKETING_VERSION = 1.0;
				PRODUCT_BUNDLE_IDENTIFIER = jordan.na.dzielni.CatProject;
				PRODUCT_NAME = "$(TARGET_NAME)";
				SWIFT_EMIT_LOC_STRINGS = YES;
				SWIFT_VERSION = 5.0;
				TARGETED_DEVICE_FAMILY = "1,2";
			};
			name = Release;
		};
		F1B7F1BC28AE5AB600EAEC63 /* Debug */ = {
			isa = XCBuildConfiguration;
			buildSettings = {
				ALWAYS_EMBED_SWIFT_STANDARD_LIBRARIES = YES;
				BUNDLE_LOADER = "$(TEST_HOST)";
				CODE_SIGN_STYLE = Automatic;
				CURRENT_PROJECT_VERSION = 1;
				DEVELOPMENT_TEAM = 286KVJJ644;
				GENERATE_INFOPLIST_FILE = YES;
				IPHONEOS_DEPLOYMENT_TARGET = 15.4;
				MARKETING_VERSION = 1.0;
				PRODUCT_BUNDLE_IDENTIFIER = jordan.na.dzielni.CatProjectTests;
				PRODUCT_NAME = "$(TARGET_NAME)";
				SWIFT_EMIT_LOC_STRINGS = NO;
				SWIFT_VERSION = 5.0;
				TARGETED_DEVICE_FAMILY = "1,2";
				TEST_HOST = "$(BUILT_PRODUCTS_DIR)/CatProject.app/CatProject";
			};
			name = Debug;
		};
		F1B7F1BD28AE5AB600EAEC63 /* Release */ = {
			isa = XCBuildConfiguration;
			buildSettings = {
				ALWAYS_EMBED_SWIFT_STANDARD_LIBRARIES = YES;
				BUNDLE_LOADER = "$(TEST_HOST)";
				CODE_SIGN_STYLE = Automatic;
				CURRENT_PROJECT_VERSION = 1;
				DEVELOPMENT_TEAM = 286KVJJ644;
				GENERATE_INFOPLIST_FILE = YES;
				IPHONEOS_DEPLOYMENT_TARGET = 15.4;
				MARKETING_VERSION = 1.0;
				PRODUCT_BUNDLE_IDENTIFIER = jordan.na.dzielni.CatProjectTests;
				PRODUCT_NAME = "$(TARGET_NAME)";
				SWIFT_EMIT_LOC_STRINGS = NO;
				SWIFT_VERSION = 5.0;
				TARGETED_DEVICE_FAMILY = "1,2";
				TEST_HOST = "$(BUILT_PRODUCTS_DIR)/CatProject.app/CatProject";
			};
			name = Release;
		};
		F1B7F1BF28AE5AB600EAEC63 /* Debug */ = {
			isa = XCBuildConfiguration;
			buildSettings = {
				ALWAYS_EMBED_SWIFT_STANDARD_LIBRARIES = YES;
				CODE_SIGN_STYLE = Automatic;
				CURRENT_PROJECT_VERSION = 1;
				DEVELOPMENT_TEAM = 286KVJJ644;
				GENERATE_INFOPLIST_FILE = YES;
				MARKETING_VERSION = 1.0;
				PRODUCT_BUNDLE_IDENTIFIER = jordan.na.dzielni.CatProjectUITests;
				PRODUCT_NAME = "$(TARGET_NAME)";
				SWIFT_EMIT_LOC_STRINGS = NO;
				SWIFT_VERSION = 5.0;
				TARGETED_DEVICE_FAMILY = "1,2";
				TEST_TARGET_NAME = CatProject;
			};
			name = Debug;
		};
		F1B7F1C028AE5AB600EAEC63 /* Release */ = {
			isa = XCBuildConfiguration;
			buildSettings = {
				ALWAYS_EMBED_SWIFT_STANDARD_LIBRARIES = YES;
				CODE_SIGN_STYLE = Automatic;
				CURRENT_PROJECT_VERSION = 1;
				DEVELOPMENT_TEAM = 286KVJJ644;
				GENERATE_INFOPLIST_FILE = YES;
				MARKETING_VERSION = 1.0;
				PRODUCT_BUNDLE_IDENTIFIER = jordan.na.dzielni.CatProjectUITests;
				PRODUCT_NAME = "$(TARGET_NAME)";
				SWIFT_EMIT_LOC_STRINGS = NO;
				SWIFT_VERSION = 5.0;
				TARGETED_DEVICE_FAMILY = "1,2";
				TEST_TARGET_NAME = CatProject;
			};
			name = Release;
		};
/* End XCBuildConfiguration section */

/* Begin XCConfigurationList section */
		F1B7F18F28AE5AB500EAEC63 /* Build configuration list for PBXProject "CatProject" */ = {
			isa = XCConfigurationList;
			buildConfigurations = (
				F1B7F1B628AE5AB600EAEC63 /* Debug */,
				F1B7F1B728AE5AB600EAEC63 /* Release */,
			);
			defaultConfigurationIsVisible = 0;
			defaultConfigurationName = Release;
		};
		F1B7F1B828AE5AB600EAEC63 /* Build configuration list for PBXNativeTarget "CatProject" */ = {
			isa = XCConfigurationList;
			buildConfigurations = (
				F1B7F1B928AE5AB600EAEC63 /* Debug */,
				F1B7F1BA28AE5AB600EAEC63 /* Release */,
			);
			defaultConfigurationIsVisible = 0;
			defaultConfigurationName = Release;
		};
		F1B7F1BB28AE5AB600EAEC63 /* Build configuration list for PBXNativeTarget "CatProjectTests" */ = {
			isa = XCConfigurationList;
			buildConfigurations = (
				F1B7F1BC28AE5AB600EAEC63 /* Debug */,
				F1B7F1BD28AE5AB600EAEC63 /* Release */,
			);
			defaultConfigurationIsVisible = 0;
			defaultConfigurationName = Release;
		};
		F1B7F1BE28AE5AB600EAEC63 /* Build configuration list for PBXNativeTarget "CatProjectUITests" */ = {
			isa = XCConfigurationList;
			buildConfigurations = (
				F1B7F1BF28AE5AB600EAEC63 /* Debug */,
				F1B7F1C028AE5AB600EAEC63 /* Release */,
			);
			defaultConfigurationIsVisible = 0;
			defaultConfigurationName = Release;
		};
/* End XCConfigurationList section */
	};
	rootObject = F1B7F18C28AE5AB500EAEC63 /* Project object */;
}
